
Microsoft Visual Studio Solution File, Format Version 12.00
# Visual Studio Version 17
VisualStudioVersion = 17.12.35527.113
MinimumVisualStudioVersion = 10.0.40219.1
Project("{FAE04EC0-301F-11D3-BF4B-00C04F79EFBC}") = "MusicPlayerCLI", "MusicPlayerCLI.csproj", "{D58EBBE0-59A0-47CB-B81F-778AF77DC689}"
EndProject
Project("{FAE04EC0-301F-11D3-BF4B-00C04F79EFBC}") = "MusicPlayerLib", "..\PlayerLib\MusicPlayerLib.csproj", "{8AFD2558-4744-4669-8AAB-6F783E10C1B4}"
EndProject
Project("{FAE04EC0-301F-11D3-BF4B-00C04F79EFBC}") = "MusicPlayerGUI", "..\MusicPlayerGUI\MusicPlayerGUI.csproj", "{707DE787-A76C-4A09-8255-D4522A81E59B}"
EndProject
Global
	GlobalSection(SolutionConfigurationPlatforms) = preSolution
		Debug|Any CPU = Debug|Any CPU
		Release|Any CPU = Release|Any CPU
	EndGlobalSection
	GlobalSection(ProjectConfigurationPlatforms) = postSolution
		{D58EBBE0-59A0-47CB-B81F-778AF77DC689}.Debug|Any CPU.ActiveCfg = Debug|Any CPU
		{D58EBBE0-59A0-47CB-B81F-778AF77DC689}.Debug|Any CPU.Build.0 = Debug|Any CPU
		{D58EBBE0-59A0-47CB-B81F-778AF77DC689}.Release|Any CPU.ActiveCfg = Release|Any CPU
		{D58EBBE0-59A0-47CB-B81F-778AF77DC689}.Release|Any CPU.Build.0 = Release|Any CPU
		{8AFD2558-4744-4669-8AAB-6F783E10C1B4}.Debug|Any CPU.ActiveCfg = Debug|Any CPU
		{8AFD2558-4744-4669-8AAB-6F783E10C1B4}.Debug|Any CPU.Build.0 = Debug|Any CPU
		{8AFD2558-4744-4669-8AAB-6F783E10C1B4}.Release|Any CPU.ActiveCfg = Release|Any CPU
		{8AFD2558-4744-4669-8AAB-6F783E10C1B4}.Release|Any CPU.Build.0 = Release|Any CPU
		{707DE787-A76C-4A09-8255-D4522A81E59B}.Debug|Any CPU.ActiveCfg = Debug|Any CPU
		{707DE787-A76C-4A09-8255-D4522A81E59B}.Debug|Any CPU.Build.0 = Debug|Any CPU
		{707DE787-A76C-4A09-8255-D4522A81E59B}.Debug|Any CPU.Deploy.0 = Debug|Any CPU
		{707DE787-A76C-4A09-8255-D4522A81E59B}.Release|Any CPU.ActiveCfg = Release|Any CPU
		{707DE787-A76C-4A09-8255-D4522A81E59B}.Release|Any CPU.Build.0 = Release|Any CPU
		{707DE787-A76C-4A09-8255-D4522A81E59B}.Release|Any CPU.Deploy.0 = Release|Any CPU
	EndGlobalSection
	GlobalSection(SolutionProperties) = preSolution
		HideSolutionNode = FALSE
	EndGlobalSection
EndGlobal
